// !$*UTF8*$!
{
	archiveVersion = 1;
	classes = {
	};
	objectVersion = 46;
	objects = {

/* Begin PBXBuildFile section */
		9ACF01FB1A03A725001E0668 /* 199vu342jcfpwjpg.jpg in Resources */ = {isa = PBXBuildFile; fileRef = 9ACF01FA1A03A725001E0668 /* 199vu342jcfpwjpg.jpg */; };
		9AD51C781A03543700D57D38 /* main.m in Sources */ = {isa = PBXBuildFile; fileRef = 9AD51C771A03543700D57D38 /* main.m */; };
		9AD51C7B1A03543700D57D38 /* AppDelegate.m in Sources */ = {isa = PBXBuildFile; fileRef = 9AD51C7A1A03543700D57D38 /* AppDelegate.m */; };
		9AD51C7E1A03543700D57D38 /* ViewController.m in Sources */ = {isa = PBXBuildFile; fileRef = 9AD51C7D1A03543700D57D38 /* ViewController.m */; };
		9AD51C811A03543700D57D38 /* Main.storyboard in Resources */ = {isa = PBXBuildFile; fileRef = 9AD51C7F1A03543700D57D38 /* Main.storyboard */; };
		9AD51C831A03543700D57D38 /* Images.xcassets in Resources */ = {isa = PBXBuildFile; fileRef = 9AD51C821A03543700D57D38 /* Images.xcassets */; };
		9AD51C861A03543700D57D38 /* LaunchScreen.xib in Resources */ = {isa = PBXBuildFile; fileRef = 9AD51C841A03543700D57D38 /* LaunchScreen.xib */; };
		9AD51C921A03543700D57D38 /* Cropping_imageTests.m in Sources */ = {isa = PBXBuildFile; fileRef = 9AD51C911A03543700D57D38 /* Cropping_imageTests.m */; };
/* End PBXBuildFile section */

/* Begin PBXContainerItemProxy section */
		9AD51C8C1A03543700D57D38 /* PBXContainerItemProxy */ = {
			isa = PBXContainerItemProxy;
			containerPortal = 9AD51C6A1A03543600D57D38 /* Project object */;
			proxyType = 1;
			remoteGlobalIDString = 9AD51C711A03543700D57D38;
			remoteInfo = "Cropping image";
		};
/* End PBXContainerItemProxy section */

/* Begin PBXFileReference section */
		9ACF01FA1A03A725001E0668 /* 199vu342jcfpwjpg.jpg */ = {isa = PBXFileReference; lastKnownFileType = image.jpeg; path = 199vu342jcfpwjpg.jpg; sourceTree = "<group>"; };
		9AD51C721A03543700D57D38 /* Cropping image.app */ = {isa = PBXFileReference; explicitFileType = wrapper.application; includeInIndex = 0; path = "Cropping image.app"; sourceTree = BUILT_PRODUCTS_DIR; };
		9AD51C761A03543700D57D38 /* Info.plist */ = {isa = PBXFileReference; lastKnownFileType = text.plist.xml; path = Info.plist; sourceTree = "<group>"; };
		9AD51C771A03543700D57D38 /* main.m */ = {isa = PBXFileReference; lastKnownFileType = sourcecode.c.objc; path = main.m; sourceTree = "<group>"; };
		9AD51C791A03543700D57D38 /* AppDelegate.h */ = {isa = PBXFileReference; lastKnownFileType = sourcecode.c.h; path = AppDelegate.h; sourceTree = "<group>"; };
		9AD51C7A1A03543700D57D38 /* AppDelegate.m */ = {isa = PBXFileReference; lastKnownFileType = sourcecode.c.objc; path = AppDelegate.m; sourceTree = "<group>"; };
		9AD51C7C1A03543700D57D38 /* ViewController.h */ = {isa = PBXFileReference; lastKnownFileType = sourcecode.c.h; path = ViewController.h; sourceTree = "<group>"; };
		9AD51C7D1A03543700D57D38 /* ViewController.m */ = {isa = PBXFileReference; lastKnownFileType = sourcecode.c.objc; path = ViewController.m; sourceTree = "<group>"; };
		9AD51C801A03543700D57D38 /* Base */ = {isa = PBXFileReference; lastKnownFileType = file.storyboard; name = Base; path = Base.lproj/Main.storyboard; sourceTree = "<group>"; };
		9AD51C821A03543700D57D38 /* Images.xcassets */ = {isa = PBXFileReference; lastKnownFileType = folder.assetcatalog; path = Images.xcassets; sourceTree = "<group>"; };
		9AD51C851A03543700D57D38 /* Base */ = {isa = PBXFileReference; lastKnownFileType = file.xib; name = Base; path = Base.lproj/LaunchScreen.xib; sourceTree = "<group>"; };
		9AD51C8B1A03543700D57D38 /* Cropping imageTests.xctest */ = {isa = PBXFileReference; explicitFileType = wrapper.cfbundle; includeInIndex = 0; path = "Cropping imageTests.xctest"; sourceTree = BUILT_PRODUCTS_DIR; };
		9AD51C901A03543700D57D38 /* Info.plist */ = {isa = PBXFileReference; lastKnownFileType = text.plist.xml; path = Info.plist; sourceTree = "<group>"; };
		9AD51C911A03543700D57D38 /* Cropping_imageTests.m */ = {isa = PBXFileReference; lastKnownFileType = sourcecode.c.objc; path = Cropping_imageTests.m; sourceTree = "<group>"; };
/* End PBXFileReference section */

/* Begin PBXFrameworksBuildPhase section */
		9AD51C6F1A03543700D57D38 /* Frameworks */ = {
			isa = PBXFrameworksBuildPhase;
			buildActionMask = 2147483647;
			files = (
			);
			runOnlyForDeploymentPostprocessing = 0;
		};
		9AD51C881A03543700D57D38 /* Frameworks */ = {
			isa = PBXFrameworksBuildPhase;
			buildActionMask = 2147483647;
			files = (
			);
			runOnlyForDeploymentPostprocessing = 0;
		};
/* End PBXFrameworksBuildPhase section */

/* Begin PBXGroup section */
		9AD51C691A03543600D57D38 = {
			isa = PBXGroup;
			children = (
				9AD51C741A03543700D57D38 /* Cropping image */,
				9AD51C8E1A03543700D57D38 /* Cropping imageTests */,
				9AD51C731A03543700D57D38 /* Products */,
			);
			sourceTree = "<group>";
		};
		9AD51C731A03543700D57D38 /* Products */ = {
			isa = PBXGroup;
			children = (
				9AD51C721A03543700D57D38 /* Cropping image.app */,
				9AD51C8B1A03543700D57D38 /* Cropping imageTests.xctest */,
			);
			name = Products;
			sourceTree = "<group>";
		};
		9AD51C741A03543700D57D38 /* Cropping image */ = {
			isa = PBXGroup;
			children = (
				9AD51C791A03543700D57D38 /* AppDelegate.h */,
				9AD51C7A1A03543700D57D38 /* AppDelegate.m */,
				9AD51C7C1A03543700D57D38 /* ViewController.h */,
				9AD51C7D1A03543700D57D38 /* ViewController.m */,
				9AD51C7F1A03543700D57D38 /* Main.storyboard */,
				9AD51C821A03543700D57D38 /* Images.xcassets */,
				9AD51C841A03543700D57D38 /* LaunchScreen.xib */,
				9AD51C751A03543700D57D38 /* Supporting Files */,
			);
			path = "Cropping image";
			sourceTree = "<group>";
		};
		9AD51C751A03543700D57D38 /* Supporting Files */ = {
			isa = PBXGroup;
			children = (
				9ACF01FA1A03A725001E0668 /* 199vu342jcfpwjpg.jpg */,
				9AD51C761A03543700D57D38 /* Info.plist */,
				9AD51C771A03543700D57D38 /* main.m */,
			);
			name = "Supporting Files";
			sourceTree = "<group>";
		};
		9AD51C8E1A03543700D57D38 /* Cropping imageTests */ = {
			isa = PBXGroup;
			children = (
				9AD51C911A03543700D57D38 /* Cropping_imageTests.m */,
				9AD51C8F1A03543700D57D38 /* Supporting Files */,
			);
			path = "Cropping imageTests";
			sourceTree = "<group>";
		};
		9AD51C8F1A03543700D57D38 /* Supporting Files */ = {
			isa = PBXGroup;
			children = (
				9AD51C901A03543700D57D38 /* Info.plist */,
			);
			name = "Supporting Files";
			sourceTree = "<group>";
		};
/* End PBXGroup section */

/* Begin PBXNativeTarget section */
		9AD51C711A03543700D57D38 /* Cropping image */ = {
			isa = PBXNativeTarget;
			buildConfigurationList = 9AD51C951A03543700D57D38 /* Build configuration list for PBXNativeTarget "Cropping image" */;
			buildPhases = (
				9AD51C6E1A03543700D57D38 /* Sources */,
				9AD51C6F1A03543700D57D38 /* Frameworks */,
				9AD51C701A03543700D57D38 /* Resources */,
			);
			buildRules = (
			);
			dependencies = (
			);
			name = "Cropping image";
			productName = "Cropping image";
			productReference = 9AD51C721A03543700D57D38 /* Cropping image.app */;
			productType = "com.apple.product-type.application";
		};
		9AD51C8A1A03543700D57D38 /* Cropping imageTests */ = {
			isa = PBXNativeTarget;
			buildConfigurationList = 9AD51C981A03543700D57D38 /* Build configuration list for PBXNativeTarget "Cropping imageTests" */;
			buildPhases = (
				9AD51C871A03543700D57D38 /* Sources */,
				9AD51C881A03543700D57D38 /* Frameworks */,
				9AD51C891A03543700D57D38 /* Resources */,
			);
			buildRules = (
			);
			dependencies = (
				9AD51C8D1A03543700D57D38 /* PBXTargetDependency */,
			);
			name = "Cropping imageTests";
			productName = "Cropping imageTests";
			productReference = 9AD51C8B1A03543700D57D38 /* Cropping imageTests.xctest */;
			productType = "com.apple.product-type.bundle.unit-test";
		};
/* End PBXNativeTarget section */

/* Begin PBXProject section */
		9AD51C6A1A03543600D57D38 /* Project object */ = {
			isa = PBXProject;
			attributes = {
				LastUpgradeCheck = 0600;
				ORGANIZATIONNAME = "paradigm-creatives";
				TargetAttributes = {
					9AD51C711A03543700D57D38 = {
						CreatedOnToolsVersion = 6.0.1;
					};
					9AD51C8A1A03543700D57D38 = {
						CreatedOnToolsVersion = 6.0.1;
						TestTargetID = 9AD51C711A03543700D57D38;
					};
				};
			};
			buildConfigurationList = 9AD51C6D1A03543600D57D38 /* Build configuration list for PBXProject "Cropping image" */;
			compatibilityVersion = "Xcode 3.2";
			developmentRegion = English;
			hasScannedForEncodings = 0;
			knownRegions = (
				en,
				Base,
			);
			mainGroup = 9AD51C691A03543600D57D38;
			productRefGroup = 9AD51C731A03543700D57D38 /* Products */;
			projectDirPath = "";
			projectRoot = "";
			targets = (
				9AD51C711A03543700D57D38 /* Cropping image */,
				9AD51C8A1A03543700D57D38 /* Cropping imageTests */,
			);
		};
/* End PBXProject section */

/* Begin PBXResourcesBuildPhase section */
		9AD51C701A03543700D57D38 /* Resources */ = {
			isa = PBXResourcesBuildPhase;
			buildActionMask = 2147483647;
			files = (
				9ACF01FB1A03A725001E0668 /* 199vu342jcfpwjpg.jpg in Resources */,
				9AD51C811A03543700D57D38 /* Main.storyboard in Resources */,
				9AD51C861A03543700D57D38 /* LaunchScreen.xib in Resources */,
				9AD51C831A03543700D57D38 /* Images.xcassets in Resources */,
			);
			runOnlyForDeploymentPostprocessing = 0;
		};
		9AD51C891A03543700D57D38 /* Resources */ = {
			isa = PBXResourcesBuildPhase;
			buildActionMask = 2147483647;
			files = (
			);
			runOnlyForDeploymentPostprocessing = 0;
		};
/* End PBXResourcesBuildPhase section */

/* Begin PBXSourcesBuildPhase section */
		9AD51C6E1A03543700D57D38 /* Sources */ = {
			isa = PBXSourcesBuildPhase;
			buildActionMask = 2147483647;
			files = (
				9AD51C7E1A03543700D57D38 /* ViewController.m in Sources */,
				9AD51C7B1A03543700D57D38 /* AppDelegate.m in Sources */,
				9AD51C781A03543700D57D38 /* main.m in Sources */,
			);
			runOnlyForDeploymentPostprocessing = 0;
		};
		9AD51C871A03543700D57D38 /* Sources */ = {
			isa = PBXSourcesBuildPhase;
			buildActionMask = 2147483647;
			files = (
				9AD51C921A03543700D57D38 /* Cropping_imageTests.m in Sources */,
			);
			runOnlyForDeploymentPostprocessing = 0;
		};
/* End PBXSourcesBuildPhase section */

/* Begin PBXTargetDependency section */
		9AD51C8D1A03543700D57D38 /* PBXTargetDependency */ = {
			isa = PBXTargetDependency;
			target = 9AD51C711A03543700D57D38 /* Cropping image */;
			targetProxy = 9AD51C8C1A03543700D57D38 /* PBXContainerItemProxy */;
		};
/* End PBXTargetDependency section */

/* Begin PBXVariantGroup section */
		9AD51C7F1A03543700D57D38 /* Main.storyboard */ = {
			isa = PBXVariantGroup;
			children = (
				9AD51C801A03543700D57D38 /* Base */,
			);
			name = Main.storyboard;
			sourceTree = "<group>";
		};
		9AD51C841A03543700D57D38 /* LaunchScreen.xib */ = {
			isa = PBXVariantGroup;
			children = (
				9AD51C851A03543700D57D38 /* Base */,
			);
			name = LaunchScreen.xib;
			sourceTree = "<group>";
		};
/* End PBXVariantGroup section */

/* Begin XCBuildConfiguration section */
		9AD51C931A03543700D57D38 /* Debug */ = {
			isa = XCBuildConfiguration;
			buildSettings = {
				ALWAYS_SEARCH_USER_PATHS = NO;
				CLANG_CXX_LANGUAGE_STANDARD = "gnu++0x";
				CLANG_CXX_LIBRARY = "libc++";
				CLANG_ENABLE_MODULES = YES;
				CLANG_ENABLE_OBJC_ARC = YES;
				CLANG_WARN_BOOL_CONVERSION = YES;
				CLANG_WARN_CONSTANT_CONVERSION = YES;
				CLANG_WARN_DIRECT_OBJC_ISA_USAGE = YES_ERROR;
				CLANG_WARN_EMPTY_BODY = YES;
				CLANG_WARN_ENUM_CONVERSION = YES;
				CLANG_WARN_INT_CONVERSION = YES;
				CLANG_WARN_OBJC_ROOT_CLASS = YES_ERROR;
				CLANG_WARN_UNREACHABLE_CODE = YES;
				CLANG_WARN__DUPLICATE_METHOD_MATCH = YES;
				"CODE_SIGN_IDENTITY[sdk=iphoneos*]" = "iPhone Developer";
				COPY_PHASE_STRIP = NO;
				ENABLE_STRICT_OBJC_MSGSEND = YES;
				GCC_C_LANGUAGE_STANDARD = gnu99;
				GCC_DYNAMIC_NO_PIC = NO;
				GCC_OPTIMIZATION_LEVEL = 0;
				GCC_PREPROCESSOR_DEFINITIONS = (
					"DEBUG=1",
					"$(inherited)",
				);
				GCC_SYMBOLS_PRIVATE_EXTERN = NO;
				GCC_WARN_64_TO_32_BIT_CONVERSION = YES;
				GCC_WARN_ABOUT_RETURN_TYPE = YES_ERROR;
				GCC_WARN_UNDECLARED_SELECTOR = YES;
				GCC_WARN_UNINITIALIZED_AUTOS = YES_AGGRESSIVE;
				GCC_WARN_UNUSED_FUNCTION = YES;
				GCC_WARN_UNUSED_VARIABLE = YES;
				IPHONEOS_DEPLOYMENT_TARGET = 8.0;
				MTL_ENABLE_DEBUG_INFO = YES;
				ONLY_ACTIVE_ARCH = YES;
				SDKROOT = iphoneos;
			};
			name = Debug;
		};
		9AD51C941A03543700D57D38 /* Release */ = {
			isa = XCBuildConfiguration;
			buildSettings = {
				ALWAYS_SEARCH_USER_PATHS = NO;
				CLANG_CXX_LANGUAGE_STANDARD = "gnu++0x";
				CLANG_CXX_LIBRARY = "libc++";
				CLANG_ENABLE_MODULES = YES;
				CLANG_ENABLE_OBJC_ARC = YES;
				CLANG_WARN_BOOL_CONVERSION = YES;
				CLANG_WARN_CONSTANT_CONVERSION = YES;
				CLANG_WARN_DIRECT_OBJC_ISA_USAGE = YES_ERROR;
				CLANG_WARN_EMPTY_BODY = YES;
				CLANG_WARN_ENUM_CONVERSION = YES;
				CLANG_WARN_INT_CONVERSION = YES;
				CLANG_WARN_OBJC_ROOT_CLASS = YES_ERROR;
				CLANG_WARN_UNREACHABLE_CODE = YES;
				CLANG_WARN__DUPLICATE_METHOD_MATCH = YES;
				"CODE_SIGN_IDENTITY[sdk=iphoneos*]" = "iPhone Developer";
				COPY_PHASE_STRIP = YES;
				ENABLE_NS_ASSERTIONS = NO;
				ENABLE_STRICT_OBJC_MSGSEND = YES;
				GCC_C_LANGUAGE_STANDARD = gnu99;
				GCC_WARN_64_TO_32_BIT_CONVERSION = YES;
				GCC_WARN_ABOUT_RETURN_TYPE = YES_ERROR;
				GCC_WARN_UNDECLARED_SELECTOR = YES;
				GCC_WARN_UNINITIALIZED_AUTOS = YES_AGGRESSIVE;
				GCC_WARN_UNUSED_FUNCTION = YES;
				GCC_WARN_UNUSED_VARIABLE = YES;
				IPHONEOS_DEPLOYMENT_TARGET = 8.0;
				MTL_ENABLE_DEBUG_INFO = NO;
				SDKROOT = iphoneos;
				VALIDATE_PRODUCT = YES;
			};
			name = Release;
		};
		9AD51C961A03543700D57D38 /* Debug */ = {
			isa = XCBuildConfiguration;
			buildSettings = {
				ASSETCATALOG_COMPILER_APPICON_NAME = AppIcon;
				INFOPLIST_FILE = "Cropping image/Info.plist";
				LD_RUNPATH_SEARCH_PATHS = "$(inherited) @executable_path/Frameworks";
				PRODUCT_NAME = "$(TARGET_NAME)";
			};
			name = Debug;
		};
		9AD51C971A03543700D57D38 /* Release */ = {
			isa = XCBuildConfiguration;
			buildSettings = {
				ASSETCATALOG_COMPILER_APPICON_NAME = AppIcon;
				INFOPLIST_FILE = "Cropping image/Info.plist";
				LD_RUNPATH_SEARCH_PATHS = "$(inherited) @executable_path/Frameworks";
				PRODUCT_NAME = "$(TARGET_NAME)";
			};
			name = Release;
		};
		9AD51C991A03543700D57D38 /* Debug */ = {
			isa = XCBuildConfiguration;
			buildSettings = {
				BUNDLE_LOADER = "$(TEST_HOST)";
				FRAMEWORK_SEARCH_PATHS = (
					"$(SDKROOT)/Developer/Library/Frameworks",
					"$(inherited)",
				);
				GCC_PREPROCESSOR_DEFINITIONS = (
					"DEBUG=1",
					"$(inherited)",
				);
				INFOPLIST_FILE = "Cropping imageTests/Info.plist";
				LD_RUNPATH_SEARCH_PATHS = "$(inherited) @executable_path/Frameworks @loader_path/Frameworks";
				PRODUCT_NAME = "$(TARGET_NAME)";
				TEST_HOST = "$(BUILT_PRODUCTS_DIR)/Cropping image.app/Cropping image";
			};
			name = Debug;
		};
		9AD51C9A1A03543700D57D38 /* Release */ = {
			isa = XCBuildConfiguration;
			buildSettings = {
				BUNDLE_LOADER = "$(TEST_HOST)";
				FRAMEWORK_SEARCH_PATHS = (
					"$(SDKROOT)/Developer/Library/Frameworks",
					"$(inherited)",
				);
				INFOPLIST_FILE = "Cropping imageTests/Info.plist";
				LD_RUNPATH_SEARCH_PATHS = "$(inherited) @executable_path/Frameworks @loader_path/Frameworks";
				PRODUCT_NAME = "$(TARGET_NAME)";
				TEST_HOST = "$(BUILT_PRODUCTS_DIR)/Cropping image.app/Cropping image";
			};
			name = Release;
		};
/* End XCBuildConfiguration section */

/* Begin XCConfigurationList section */
		9AD51C6D1A03543600D57D38 /* Build configuration list for PBXProject "Cropping image" */ = {
			isa = XCConfigurationList;
			buildConfigurations = (
				9AD51C931A03543700D57D38 /* Debug */,
				9AD51C941A03543700D57D38 /* Release */,
			);
			defaultConfigurationIsVisible = 0;
			defaultConfigurationName = Release;
		};
		9AD51C951A03543700D57D38 /* Build configuration list for PBXNativeTarget "Cropping image" */ = {
			isa = XCConfigurationList;
			buildConfigurations = (
				9AD51C961A03543700D57D38 /* Debug */,
				9AD51C971A03543700D57D38 /* Release */,
			);
			defaultConfigurationIsVisible = 0;
			defaultConfigurationName = Release;
		};
		9AD51C981A03543700D57D38 /* Build configuration list for PBXNativeTarget "Cropping imageTests" */ = {
			isa = XCConfigurationList;
			buildConfigurations = (
				9AD51C991A03543700D57D38 /* Debug */,
				9AD51C9A1A03543700D57D38 /* Release */,
			);
			defaultConfigurationIsVisible = 0;
			defaultConfigurationName = Release;
		};
/* End XCConfigurationList section */
	};
	rootObject = 9AD51C6A1A03543600D57D38 /* Project object */;
}
